
Microsoft Visual Studio Solution File, Format Version 12.00
# Visual Studio Version 16
VisualStudioVersion = 16.0.30804.86
MinimumVisualStudioVersion = 10.0.40219.1
Project("{FAE04EC0-301F-11D3-BF4B-00C04F79EFBC}") = "HappyPocket", "HappyPocket\HappyPocket.csproj", "{6CDFD665-164B-46F3-A52B-EC3CDF918156}"
EndProject
Global
	GlobalSection(SolutionConfigurationPlatforms) = preSolution
		Debug|Any CPU = Debug|Any CPU
		Release|Any CPU = Release|Any CPU
	EndGlobalSection
	GlobalSection(ProjectConfigurationPlatforms) = postSolution
		{6CDFD665-164B-46F3-A52B-EC3CDF918156}.Debug|Any CPU.ActiveCfg = Debug|Any CPU
		{6CDFD665-164B-46F3-A52B-EC3CDF918156}.Debug|Any CPU.Build.0 = Debug|Any CPU
		{6CDFD665-164B-46F3-A52B-EC3CDF918156}.Release|Any CPU.ActiveCfg = Release|Any CPU
		{6CDFD665-164B-46F3-A52B-EC3CDF918156}.Release|Any CPU.Build.0 = Release|Any CPU
	EndGlobalSection
	GlobalSection(SolutionProperties) = preSolution
		HideSolutionNode = FALSE
	EndGlobalSection
	GlobalSection(ExtensibilityGlobals) = postSolution
		SolutionGuid = {AB4E53C6-537B-4AD5-A7E2-1E46C60C290A}
	EndGlobalSection
EndGlobal
